
Microsoft Visual Studio Solution File, Format Version 12.00
# Visual Studio Version 17
VisualStudioVersion = 17.0.31919.166
MinimumVisualStudioVersion = 10.0.40219.1
Project("{FAE04EC0-301F-11D3-BF4B-00C04F79EFBC}") = "TemperatureGame", "TemperatureGame\TemperatureGame.csproj", "{DDB6C4DD-0110-4D51-86D1-DC84C2DCCB73}"
EndProject
Global
	GlobalSection(SolutionConfigurationPlatforms) = preSolution
		Debug|Any CPU = Debug|Any CPU
		Release|Any CPU = Release|Any CPU
	EndGlobalSection
	GlobalSection(ProjectConfigurationPlatforms) = postSolution
		{DDB6C4DD-0110-4D51-86D1-DC84C2DCCB73}.Debug|Any CPU.ActiveCfg = Debug|Any CPU
		{DDB6C4DD-0110-4D51-86D1-DC84C2DCCB73}.Debug|Any CPU.Build.0 = Debug|Any CPU
		{DDB6C4DD-0110-4D51-86D1-DC84C2DCCB73}.Release|Any CPU.ActiveCfg = Release|Any CPU
		{DDB6C4DD-0110-4D51-86D1-DC84C2DCCB73}.Release|Any CPU.Build.0 = Release|Any CPU
	EndGlobalSection
	GlobalSection(SolutionProperties) = preSolution
		HideSolutionNode = FALSE
	EndGlobalSection
	GlobalSection(ExtensibilityGlobals) = postSolution
		SolutionGuid = {CF1EC7EA-F771-4403-9754-A4D0DA85853B}
	EndGlobalSection
EndGlobal
